PODS:
  - AWSAutoScaling (2.5.5):
    - AWSCore (= 2.5.5)
  - AWSCloudWatch (2.5.5):
    - AWSCore (= 2.5.5)
  - AWSCognito (2.5.5):
    - AWSCore (= 2.5.5)
  - AWSCognitoIdentityProvider (2.5.5):
    - AWSCore (= 2.5.5)
  - AWSCore (2.5.5)
  - AWSDynamoDB (2.5.5):
    - AWSCore (= 2.5.5)
  - AWSEC2 (2.5.5):
    - AWSCore (= 2.5.5)
  - AWSElasticLoadBalancing (2.5.5):
    - AWSCore (= 2.5.5)
  - AWSIoT (2.5.5):
    - AWSCore (= 2.5.5)
  - AWSKinesis (2.5.5):
    - AWSCore (= 2.5.5)
  - AWSLambda (2.5.5):
    - AWSCore (= 2.5.5)
  - AWSLex (2.5.5):
    - AWSCore (= 2.5.5)
  - AWSMachineLearning (2.5.5):
    - AWSCore (= 2.5.5)
  - AWSMobileAnalytics (2.5.5):
    - AWSCore (= 2.5.5)
  - AWSPinpoint (2.5.5):
    - AWSCore (= 2.5.5)
  - AWSPolly (2.5.5):
    - AWSCore (= 2.5.5)
  - AWSRekognition (2.5.5):
    - AWSCore (= 2.5.5)
  - AWSS3 (2.5.5):
    - AWSCore (= 2.5.5)
  - AWSSES (2.5.5):
    - AWSCore (= 2.5.5)
  - AWSSimpleDB (2.5.5):
    - AWSCore (= 2.5.5)
  - AWSSNS (2.5.5):
    - AWSCore (= 2.5.5)
  - AWSSQS (2.5.5):
    - AWSCore (= 2.5.5)
  - Bolts (1.8.4):
    - Bolts/AppLinks (= 1.8.4)
    - Bolts/Tasks (= 1.8.4)
  - Bolts/AppLinks (1.8.4):
    - Bolts/Tasks
  - Bolts/Tasks (1.8.4)
  - FBSDKCoreKit (4.22.0):
    - Bolts (~> 1.7)
  - FBSDKLoginKit (4.22.0):
    - FBSDKCoreKit
  - FBSDKShareKit (4.22.0):
    - FBSDKCoreKit
  - Firebase/Auth (3.17.0):
    - Firebase/Core
    - FirebaseAuth (= 3.1.1)
  - Firebase/Core (3.17.0):
    - FirebaseAnalytics (= 3.9.0)
    - FirebaseCore (= 3.6.0)
  - Firebase/Database (3.17.0):
    - Firebase/Core
    - FirebaseDatabase (= 3.1.2)
  - FirebaseAnalytics (3.9.0):
    - FirebaseCore (~> 3.6)
    - FirebaseInstanceID (~> 1.0)
    - GoogleToolboxForMac/NSData+zlib (~> 2.1)
  - FirebaseAuth (3.1.1):
    - FirebaseAnalytics (~> 3.7)
    - GoogleToolboxForMac/NSDictionary+URLArguments (~> 2.1)
    - GTMSessionFetcher/Core (~> 1.1)
  - FirebaseCore (3.6.0):
    - GoogleToolboxForMac/NSData+zlib (~> 2.1)
  - FirebaseDatabase (3.1.2):
    - FirebaseAnalytics (~> 3.7)
  - FirebaseInstanceID (1.0.10):
    - FirebaseCore (~> 3.6)
  - GoogleToolboxForMac/DebugUtils (2.1.1):
    - GoogleToolboxForMac/Defines (= 2.1.1)
  - GoogleToolboxForMac/Defines (2.1.1)
  - GoogleToolboxForMac/NSData+zlib (2.1.1):
    - GoogleToolboxForMac/Defines (= 2.1.1)
  - GoogleToolboxForMac/NSDictionary+URLArguments (2.1.1):
    - GoogleToolboxForMac/DebugUtils (= 2.1.1)
    - GoogleToolboxForMac/Defines (= 2.1.1)
    - GoogleToolboxForMac/NSString+URLArguments (= 2.1.1)
  - GoogleToolboxForMac/NSString+URLArguments (2.1.1)
  - GTMSessionFetcher/Core (1.1.9)
  - SDWebImage (4.0.0):
    - SDWebImage/Core (= 4.0.0)
  - SDWebImage/Core (4.0.0)

DEPENDENCIES:
  - AWSAutoScaling
  - AWSCloudWatch
  - AWSCognito
  - AWSCognitoIdentityProvider
  - AWSDynamoDB
  - AWSEC2
  - AWSElasticLoadBalancing
  - AWSIoT
  - AWSKinesis
  - AWSLambda
  - AWSLex
  - AWSMachineLearning
  - AWSMobileAnalytics
  - AWSPinpoint
  - AWSPolly
  - AWSRekognition
  - AWSS3
  - AWSSES
  - AWSSimpleDB
  - AWSSNS
  - AWSSQS
  - FBSDKCoreKit
  - FBSDKLoginKit
  - FBSDKShareKit
  - Firebase/Auth
  - Firebase/Core
  - Firebase/Database
  - SDWebImage

SPEC CHECKSUMS:
  AWSAutoScaling: 9760e91ecdd3a35c4e396161d43f10f4dd07f78b
  AWSCloudWatch: c85045805ba86b63c423e821cf0277a61ac87897
  AWSCognito: 5f1dddb8669682b1224c19c214270a942e438b06
  AWSCognitoIdentityProvider: 673bda0bc0f77cd1e2b0ab3c02095bc0b69b7603
  AWSCore: 665371d51ccdfe62430c586e3cb8e57eff8ce09d
  AWSDynamoDB: 9f7f84d571a2d8144a80f0562230fcc9461e4ba8
  AWSEC2: 75f188ae583982614090d57231a52e03f77b2522
  AWSElasticLoadBalancing: e3a4a6be082a3b82c69fb16176a134ab65a4acd8
  AWSIoT: 831c3c1a223cd862b69f5d3d3f787afc1c600340
  AWSKinesis: 1347ab51ef986f91501ee1c21c41b21103070efa
  AWSLambda: c0515d8434e9eb1f81f546c5d34cfa9995c48793
  AWSLex: a43e114eb55778a3d874f716fc5797e3d75df797
  AWSMachineLearning: d8a5bf35148f9a4df8dfdba93dc258064c237f1c
  AWSMobileAnalytics: 432093504ee05168c505960ae5dcdfb89f38e026
  AWSPinpoint: ce94671f2fb130da90b849a4baa15c3b672ac114
  AWSPolly: c1830e3444bd4a28234a64b1ce335a4c06674271
  AWSRekognition: a0056129fb9c71166eec933ccec3c83395df4a83
  AWSS3: 7a910824991e5dc13971f7ae73230d354666880e
  AWSSES: 3ecb4028924945c31b573be23f4bce16560f773e
  AWSSimpleDB: 7947f8f89ae9b8e90270d7df51cde187a2bb7a77
  AWSSNS: b1ea92510e6597b15612a9fa44c0e8fc662c8dc6
  AWSSQS: 33cdcd2dedf2ada06434dad7a57fd9b56c02b6d3
  Bolts: 8a7995239dbe724f9cba2248b766d48b7ebdd322
  FBSDKCoreKit: c693bad19feb225469eeff14452ba364522ee48b
  FBSDKLoginKit: 1fa529fc622d7b32ebeaffbecd377180833c6d30
  FBSDKShareKit: 21ab3c8d173f4fa20c47c1061f3a9fac5950b5fa
  Firebase: 4b66b5b59c43edac745b87f0c87e42cdd0279c13
  FirebaseAnalytics: e5fe8486efc01bec33f6bf82e2fa9fce4b124052
  FirebaseAuth: cc8a1824170adbd351edb7f994490a3fb5c18be6
  FirebaseCore: 9691ee2ade70c098d7cf92440f4303f16d83ca75
  FirebaseDatabase: 05c96d7b43a7368dc91c07791adb49683e1738d1
  FirebaseInstanceID: b9eedd6846fb5e1f0f7279e1deaa7a7e4cf8392e
  GoogleToolboxForMac: 8e329f1b599f2512c6b10676d45736bcc2cbbeb0
  GTMSessionFetcher: 5c046c76a1f859bc9c187e918f18e4fc7bb57b5e
  SDWebImage: 76a6348bdc74eb5a55dd08a091ef298e56b55e41

PODFILE CHECKSUM: 2d91bf47c410c6d6fd8b34c52afe180e5e91bc76

COCOAPODS: 1.2.1
