PODS:
  - AWSAutoScaling (2.5.4):
    - AWSCore (= 2.5.4)
  - AWSCloudWatch (2.5.4):
    - AWSCore (= 2.5.4)
  - AWSCognito (2.5.4):
    - AWSCore (= 2.5.4)
  - AWSCognitoIdentityProvider (2.5.4):
    - AWSCore (= 2.5.4)
  - AWSCore (2.5.4)
  - AWSDynamoDB (2.5.4):
    - AWSCore (= 2.5.4)
  - AWSEC2 (2.5.4):
    - AWSCore (= 2.5.4)
  - AWSElasticLoadBalancing (2.5.4):
    - AWSCore (= 2.5.4)
  - AWSIoT (2.5.4):
    - AWSCore (= 2.5.4)
  - AWSKinesis (2.5.4):
    - AWSCore (= 2.5.4)
  - AWSLambda (2.5.4):
    - AWSCore (= 2.5.4)
  - AWSLex (2.5.4):
    - AWSCore (= 2.5.4)
  - AWSMachineLearning (2.5.4):
    - AWSCore (= 2.5.4)
  - AWSMobileAnalytics (2.5.4):
    - AWSCore (= 2.5.4)
  - AWSPinpoint (2.5.4):
    - AWSCore (= 2.5.4)
  - AWSPolly (2.5.4):
    - AWSCore (= 2.5.4)
  - AWSRekognition (2.5.4):
    - AWSCore (= 2.5.4)
  - AWSS3 (2.5.4):
    - AWSCore (= 2.5.4)
  - AWSSES (2.5.4):
    - AWSCore (= 2.5.4)
  - AWSSimpleDB (2.5.4):
    - AWSCore (= 2.5.4)
  - AWSSNS (2.5.4):
    - AWSCore (= 2.5.4)
  - AWSSQS (2.5.4):
    - AWSCore (= 2.5.4)
  - Bolts (1.8.4):
    - Bolts/AppLinks (= 1.8.4)
    - Bolts/Tasks (= 1.8.4)
  - Bolts/AppLinks (1.8.4):
    - Bolts/Tasks
  - Bolts/Tasks (1.8.4)
  - FBSDKCoreKit (4.22.0):
    - Bolts (~> 1.7)
  - FBSDKLoginKit (4.22.0):
    - FBSDKCoreKit
  - FBSDKShareKit (4.22.0):
    - FBSDKCoreKit
  - SDWebImage (4.0.0):
    - SDWebImage/Core (= 4.0.0)
  - SDWebImage/Core (4.0.0)

DEPENDENCIES:
  - AWSAutoScaling
  - AWSCloudWatch
  - AWSCognito
  - AWSCognitoIdentityProvider
  - AWSDynamoDB
  - AWSEC2
  - AWSElasticLoadBalancing
  - AWSIoT
  - AWSKinesis
  - AWSLambda
  - AWSLex
  - AWSMachineLearning
  - AWSMobileAnalytics
  - AWSPinpoint
  - AWSPolly
  - AWSRekognition
  - AWSS3
  - AWSSES
  - AWSSimpleDB
  - AWSSNS
  - AWSSQS
  - FBSDKCoreKit
  - FBSDKLoginKit
  - FBSDKShareKit
  - SDWebImage

SPEC CHECKSUMS:
  AWSAutoScaling: 61092ac7ec4dd5ff687c8c38eda1c57faa6f168b
  AWSCloudWatch: ff188ccf1986aac50eaa6f5e632c7355b1832872
  AWSCognito: f3bbdac75d23298f59d8f42d4658b8b84b13d368
  AWSCognitoIdentityProvider: 7b548a13d79211fc9efed2b09d32b4737e53d6e6
  AWSCore: a59914ea554fe04fae612108e717ec64b53b6a2c
  AWSDynamoDB: 8137e460913c8cf78966201de21b02a6edc77507
  AWSEC2: 3db191a4ff3c0b282d764f4bbb318721883f97b3
  AWSElasticLoadBalancing: d5d1ef0999a0a39fa89dbd41990d36e1d27e508d
  AWSIoT: 5b8ad50481f7d2240e9808a1c429ad43871a24b9
  AWSKinesis: a88d9ce7335a66c8220a7bd288012361508da253
  AWSLambda: 251b83b723b89a4cde9572ac85dbfb8cdf7d4d5b
  AWSLex: 1b67334cca9ce5c576c6933cfea92d64dfdc17db
  AWSMachineLearning: 7e073dc83c42139935d7b26c6e6ebf6bd80fa25a
  AWSMobileAnalytics: da7869d4943df959541772bb8977290af4191cfe
  AWSPinpoint: 38fcbcea422320136fc280329beeaf7852434447
  AWSPolly: 0077e15395fdd7150c1364be55b273ddeca16933
  AWSRekognition: 6eea3934c79ce201cddf9bc35c4ec485c40cf203
  AWSS3: 6e524b3a2f6bb20a44d3afe086f9f6aba9fcb6d0
  AWSSES: 0578ce4d897069a93f2f1605bffbd242fadf4081
  AWSSimpleDB: 07b2d56c297e70f42054807676f17533b740f915
  AWSSNS: 0964f9aa021ca19c8d7fde49ef9af7658c986e70
  AWSSQS: d6d8f957144f639f4c31741e6cd2ab26a6432d06
  Bolts: 8a7995239dbe724f9cba2248b766d48b7ebdd322
  FBSDKCoreKit: c693bad19feb225469eeff14452ba364522ee48b
  FBSDKLoginKit: 1fa529fc622d7b32ebeaffbecd377180833c6d30
  FBSDKShareKit: 21ab3c8d173f4fa20c47c1061f3a9fac5950b5fa
  SDWebImage: 76a6348bdc74eb5a55dd08a091ef298e56b55e41

PODFILE CHECKSUM: 027d33f20a3069b1091cdc86d997f536c8bd1c35

COCOAPODS: 1.2.0
