// !$*UTF8*$!
{
	archiveVersion = 1;
	classes = {
	};
	objectVersion = 46;
	objects = {

/* Begin PBXBuildFile section */
		325242FC1E93332600C280F3 /* FeedTableContentCell.swift in Sources */ = {isa = PBXBuildFile; fileRef = 325242FB1E93332600C280F3 /* FeedTableContentCell.swift */; };
		325242FE1E93340700C280F3 /* Database.swift in Sources */ = {isa = PBXBuildFile; fileRef = 325242FD1E93340700C280F3 /* Database.swift */; };
		325F79991EA8371800F523FA /* PreferencesViewController.swift in Sources */ = {isa = PBXBuildFile; fileRef = 325F79981EA8371800F523FA /* PreferencesViewController.swift */; };
		325F799B1EAEC14300F523FA /* PreferencesCell.swift in Sources */ = {isa = PBXBuildFile; fileRef = 325F799A1EAEC14300F523FA /* PreferencesCell.swift */; };
		32CDB26A1E9ED9950099FF5D /* WebView2.swift in Sources */ = {isa = PBXBuildFile; fileRef = 32CDB2691E9ED9950099FF5D /* WebView2.swift */; };
		3551C431BD88EE6840C48D51 /* Pods_DailyHub.framework in Frameworks */ = {isa = PBXBuildFile; fileRef = 0BE660099678C16B47D0125C /* Pods_DailyHub.framework */; };
		400191B11E92E588008CC191 /* FeedTableTitleCell.swift in Sources */ = {isa = PBXBuildFile; fileRef = 400191B01E92E588008CC191 /* FeedTableTitleCell.swift */; };
		400191B41E93191D008CC191 /* LoginViewController.swift in Sources */ = {isa = PBXBuildFile; fileRef = 400191B31E93191D008CC191 /* LoginViewController.swift */; };
		400191B61E932662008CC191 /* FacebookCognitoIdentityProvider.swift in Sources */ = {isa = PBXBuildFile; fileRef = 400191B51E932662008CC191 /* FacebookCognitoIdentityProvider.swift */; };
		400191B81E9337E2008CC191 /* CognitoUserManager.swift in Sources */ = {isa = PBXBuildFile; fileRef = 400191B71E9337E2008CC191 /* CognitoUserManager.swift */; };
		400192461E96C234008CC191 /* ProfileViewController.swift in Sources */ = {isa = PBXBuildFile; fileRef = 400192451E96C234008CC191 /* ProfileViewController.swift */; };
		400951B71EAEC7F9001B856C /* SiteManager.swift in Sources */ = {isa = PBXBuildFile; fileRef = 400951B61EAEC7F9001B856C /* SiteManager.swift */; };
		400951B91EB293EB001B856C /* SitePrefManager.swift in Sources */ = {isa = PBXBuildFile; fileRef = 400951B81EB293EB001B856C /* SitePrefManager.swift */; };
		400951BB1EB2D57C001B856C /* DiscoverViewController.swift in Sources */ = {isa = PBXBuildFile; fileRef = 400951BA1EB2D57C001B856C /* DiscoverViewController.swift */; };
		4052A16B1E85C1A200805E40 /* AppDelegate.swift in Sources */ = {isa = PBXBuildFile; fileRef = 4052A16A1E85C1A200805E40 /* AppDelegate.swift */; };
		4052A16D1E85C1A200805E40 /* FeedViewController.swift in Sources */ = {isa = PBXBuildFile; fileRef = 4052A16C1E85C1A200805E40 /* FeedViewController.swift */; };
		4052A1731E85C1A200805E40 /* DailyHub.xcdatamodeld in Sources */ = {isa = PBXBuildFile; fileRef = 4052A1711E85C1A200805E40 /* DailyHub.xcdatamodeld */; };
		4052A1751E85C1A200805E40 /* Assets.xcassets in Resources */ = {isa = PBXBuildFile; fileRef = 4052A1741E85C1A200805E40 /* Assets.xcassets */; };
/* End PBXBuildFile section */

/* Begin PBXFileReference section */
		0BE660099678C16B47D0125C /* Pods_DailyHub.framework */ = {isa = PBXFileReference; explicitFileType = wrapper.framework; includeInIndex = 0; path = Pods_DailyHub.framework; sourceTree = BUILT_PRODUCTS_DIR; };
		2BE3060466B86C894033614B /* Pods-DailyHub.release.xcconfig */ = {isa = PBXFileReference; includeInIndex = 1; lastKnownFileType = text.xcconfig; name = "Pods-DailyHub.release.xcconfig"; path = "Pods/Target Support Files/Pods-DailyHub/Pods-DailyHub.release.xcconfig"; sourceTree = "<group>"; };
		325242FB1E93332600C280F3 /* FeedTableContentCell.swift */ = {isa = PBXFileReference; fileEncoding = 4; lastKnownFileType = sourcecode.swift; path = FeedTableContentCell.swift; sourceTree = "<group>"; };
		325242FD1E93340700C280F3 /* Database.swift */ = {isa = PBXFileReference; fileEncoding = 4; lastKnownFileType = sourcecode.swift; path = Database.swift; sourceTree = "<group>"; };
		325F79981EA8371800F523FA /* PreferencesViewController.swift */ = {isa = PBXFileReference; fileEncoding = 4; lastKnownFileType = sourcecode.swift; path = PreferencesViewController.swift; sourceTree = "<group>"; };
		325F799A1EAEC14300F523FA /* PreferencesCell.swift */ = {isa = PBXFileReference; fileEncoding = 4; lastKnownFileType = sourcecode.swift; path = PreferencesCell.swift; sourceTree = "<group>"; };
		32CDB2691E9ED9950099FF5D /* WebView2.swift */ = {isa = PBXFileReference; fileEncoding = 4; lastKnownFileType = sourcecode.swift; path = WebView2.swift; sourceTree = "<group>"; };
		400191B01E92E588008CC191 /* FeedTableTitleCell.swift */ = {isa = PBXFileReference; fileEncoding = 4; lastKnownFileType = sourcecode.swift; path = FeedTableTitleCell.swift; sourceTree = "<group>"; };
		400191B31E93191D008CC191 /* LoginViewController.swift */ = {isa = PBXFileReference; fileEncoding = 4; lastKnownFileType = sourcecode.swift; path = LoginViewController.swift; sourceTree = "<group>"; };
		400191B51E932662008CC191 /* FacebookCognitoIdentityProvider.swift */ = {isa = PBXFileReference; fileEncoding = 4; lastKnownFileType = sourcecode.swift; path = FacebookCognitoIdentityProvider.swift; sourceTree = "<group>"; };
		400191B71E9337E2008CC191 /* CognitoUserManager.swift */ = {isa = PBXFileReference; fileEncoding = 4; lastKnownFileType = sourcecode.swift; path = CognitoUserManager.swift; sourceTree = "<group>"; };
		400192451E96C234008CC191 /* ProfileViewController.swift */ = {isa = PBXFileReference; fileEncoding = 4; lastKnownFileType = sourcecode.swift; path = ProfileViewController.swift; sourceTree = "<group>"; };
		400951B61EAEC7F9001B856C /* SiteManager.swift */ = {isa = PBXFileReference; fileEncoding = 4; lastKnownFileType = sourcecode.swift; path = SiteManager.swift; sourceTree = "<group>"; };
		400951B81EB293EB001B856C /* SitePrefManager.swift */ = {isa = PBXFileReference; fileEncoding = 4; lastKnownFileType = sourcecode.swift; path = SitePrefManager.swift; sourceTree = "<group>"; };
		400951BA1EB2D57C001B856C /* DiscoverViewController.swift */ = {isa = PBXFileReference; fileEncoding = 4; lastKnownFileType = sourcecode.swift; path = DiscoverViewController.swift; sourceTree = "<group>"; };
		4052A1671E85C1A200805E40 /* DailyHub.app */ = {isa = PBXFileReference; explicitFileType = wrapper.application; includeInIndex = 0; path = DailyHub.app; sourceTree = BUILT_PRODUCTS_DIR; };
		4052A16A1E85C1A200805E40 /* AppDelegate.swift */ = {isa = PBXFileReference; lastKnownFileType = sourcecode.swift; path = AppDelegate.swift; sourceTree = "<group>"; };
		4052A16C1E85C1A200805E40 /* FeedViewController.swift */ = {isa = PBXFileReference; lastKnownFileType = sourcecode.swift; path = FeedViewController.swift; sourceTree = "<group>"; };
		4052A1721E85C1A200805E40 /* DailyHub.xcdatamodel */ = {isa = PBXFileReference; lastKnownFileType = wrapper.xcdatamodel; path = DailyHub.xcdatamodel; sourceTree = "<group>"; };
		4052A1741E85C1A200805E40 /* Assets.xcassets */ = {isa = PBXFileReference; lastKnownFileType = folder.assetcatalog; path = Assets.xcassets; sourceTree = "<group>"; };
		4052A1791E85C1A200805E40 /* Info.plist */ = {isa = PBXFileReference; lastKnownFileType = text.plist.xml; path = Info.plist; sourceTree = "<group>"; };
		F4470FDB20851D526B1AAE3C /* Pods-DailyHub.debug.xcconfig */ = {isa = PBXFileReference; includeInIndex = 1; lastKnownFileType = text.xcconfig; name = "Pods-DailyHub.debug.xcconfig"; path = "Pods/Target Support Files/Pods-DailyHub/Pods-DailyHub.debug.xcconfig"; sourceTree = "<group>"; };
/* End PBXFileReference section */

/* Begin PBXFrameworksBuildPhase section */
		4052A1641E85C1A200805E40 /* Frameworks */ = {
			isa = PBXFrameworksBuildPhase;
			buildActionMask = 2147483647;
			files = (
				3551C431BD88EE6840C48D51 /* Pods_DailyHub.framework in Frameworks */,
			);
			runOnlyForDeploymentPostprocessing = 0;
		};
/* End PBXFrameworksBuildPhase section */

/* Begin PBXGroup section */
		2617D5E90176DE12ED9DC673 /* Frameworks */ = {
			isa = PBXGroup;
			children = (
				0BE660099678C16B47D0125C /* Pods_DailyHub.framework */,
			);
			name = Frameworks;
			sourceTree = "<group>";
		};
		400192471E96C242008CC191 /* View Controllers */ = {
			isa = PBXGroup;
			children = (
				32CDB2691E9ED9950099FF5D /* WebView2.swift */,
				4052A16C1E85C1A200805E40 /* FeedViewController.swift */,
				400191B31E93191D008CC191 /* LoginViewController.swift */,
				400192451E96C234008CC191 /* ProfileViewController.swift */,
				325F79981EA8371800F523FA /* PreferencesViewController.swift */,
				400951BA1EB2D57C001B856C /* DiscoverViewController.swift */,
			);
			name = "View Controllers";
			sourceTree = "<group>";
		};
		400192481E96C257008CC191 /* CustomUIElements */ = {
			isa = PBXGroup;
			children = (
				325242FB1E93332600C280F3 /* FeedTableContentCell.swift */,
				400191B01E92E588008CC191 /* FeedTableTitleCell.swift */,
				325F799A1EAEC14300F523FA /* PreferencesCell.swift */,
			);
			name = CustomUIElements;
			sourceTree = "<group>";
		};
		400192491E96C283008CC191 /* Managers and Providers */ = {
			isa = PBXGroup;
			children = (
				325242FD1E93340700C280F3 /* Database.swift */,
				400191B51E932662008CC191 /* FacebookCognitoIdentityProvider.swift */,
				400191B71E9337E2008CC191 /* CognitoUserManager.swift */,
				400951B61EAEC7F9001B856C /* SiteManager.swift */,
				400951B81EB293EB001B856C /* SitePrefManager.swift */,
			);
			name = "Managers and Providers";
			sourceTree = "<group>";
		};
		4052A15E1E85C1A200805E40 = {
			isa = PBXGroup;
			children = (
				4052A1691E85C1A200805E40 /* DailyHub */,
				4052A1681E85C1A200805E40 /* Products */,
				6F9DD673B8ACD950EA560A86 /* Pods */,
				2617D5E90176DE12ED9DC673 /* Frameworks */,
			);
			sourceTree = "<group>";
		};
		4052A1681E85C1A200805E40 /* Products */ = {
			isa = PBXGroup;
			children = (
				4052A1671E85C1A200805E40 /* DailyHub.app */,
			);
			name = Products;
			sourceTree = "<group>";
		};
		4052A1691E85C1A200805E40 /* DailyHub */ = {
			isa = PBXGroup;
			children = (
				4052A16A1E85C1A200805E40 /* AppDelegate.swift */,
				400192491E96C283008CC191 /* Managers and Providers */,
				400192481E96C257008CC191 /* CustomUIElements */,
				400192471E96C242008CC191 /* View Controllers */,
				4052A1741E85C1A200805E40 /* Assets.xcassets */,
				4052A1791E85C1A200805E40 /* Info.plist */,
				4052A1711E85C1A200805E40 /* DailyHub.xcdatamodeld */,
			);
			path = DailyHub;
			sourceTree = "<group>";
		};
		6F9DD673B8ACD950EA560A86 /* Pods */ = {
			isa = PBXGroup;
			children = (
				F4470FDB20851D526B1AAE3C /* Pods-DailyHub.debug.xcconfig */,
				2BE3060466B86C894033614B /* Pods-DailyHub.release.xcconfig */,
			);
			name = Pods;
			sourceTree = "<group>";
		};
/* End PBXGroup section */

/* Begin PBXNativeTarget section */
		4052A1661E85C1A200805E40 /* DailyHub */ = {
			isa = PBXNativeTarget;
			buildConfigurationList = 4052A17C1E85C1A200805E40 /* Build configuration list for PBXNativeTarget "DailyHub" */;
			buildPhases = (
				BF606E1DDB90902CBB43AAA7 /* [CP] Check Pods Manifest.lock */,
				4052A1631E85C1A200805E40 /* Sources */,
				4052A1641E85C1A200805E40 /* Frameworks */,
				4052A1651E85C1A200805E40 /* Resources */,
				376E88CB67B6458856A01DBF /* [CP] Embed Pods Frameworks */,
				42CF18859C9EDF6729D0DAF0 /* [CP] Copy Pods Resources */,
			);
			buildRules = (
			);
			dependencies = (
			);
			name = DailyHub;
			productName = DailyHub;
			productReference = 4052A1671E85C1A200805E40 /* DailyHub.app */;
			productType = "com.apple.product-type.application";
		};
/* End PBXNativeTarget section */

/* Begin PBXProject section */
		4052A15F1E85C1A200805E40 /* Project object */ = {
			isa = PBXProject;
			attributes = {
				LastSwiftUpdateCheck = 0820;
				LastUpgradeCheck = 0820;
				ORGANIZATIONNAME = "Luke Petruzzi";
				TargetAttributes = {
					4052A1661E85C1A200805E40 = {
						CreatedOnToolsVersion = 8.2.1;
						DevelopmentTeam = JXML5VQZ23;
						ProvisioningStyle = Automatic;
					};
				};
			};
			buildConfigurationList = 4052A1621E85C1A200805E40 /* Build configuration list for PBXProject "DailyHub" */;
			compatibilityVersion = "Xcode 3.2";
			developmentRegion = English;
			hasScannedForEncodings = 0;
			knownRegions = (
				en,
				Base,
			);
			mainGroup = 4052A15E1E85C1A200805E40;
			productRefGroup = 4052A1681E85C1A200805E40 /* Products */;
			projectDirPath = "";
			projectRoot = "";
			targets = (
				4052A1661E85C1A200805E40 /* DailyHub */,
			);
		};
/* End PBXProject section */

/* Begin PBXResourcesBuildPhase section */
		4052A1651E85C1A200805E40 /* Resources */ = {
			isa = PBXResourcesBuildPhase;
			buildActionMask = 2147483647;
			files = (
				4052A1751E85C1A200805E40 /* Assets.xcassets in Resources */,
			);
			runOnlyForDeploymentPostprocessing = 0;
		};
/* End PBXResourcesBuildPhase section */

/* Begin PBXShellScriptBuildPhase section */
		376E88CB67B6458856A01DBF /* [CP] Embed Pods Frameworks */ = {
			isa = PBXShellScriptBuildPhase;
			buildActionMask = 2147483647;
			files = (
			);
			inputPaths = (
			);
			name = "[CP] Embed Pods Frameworks";
			outputPaths = (
			);
			runOnlyForDeploymentPostprocessing = 0;
			shellPath = /bin/sh;
			shellScript = "\"${SRCROOT}/Pods/Target Support Files/Pods-DailyHub/Pods-DailyHub-frameworks.sh\"\n";
			showEnvVarsInLog = 0;
		};
		42CF18859C9EDF6729D0DAF0 /* [CP] Copy Pods Resources */ = {
			isa = PBXShellScriptBuildPhase;
			buildActionMask = 2147483647;
			files = (
			);
			inputPaths = (
			);
			name = "[CP] Copy Pods Resources";
			outputPaths = (
			);
			runOnlyForDeploymentPostprocessing = 0;
			shellPath = /bin/sh;
			shellScript = "\"${SRCROOT}/Pods/Target Support Files/Pods-DailyHub/Pods-DailyHub-resources.sh\"\n";
			showEnvVarsInLog = 0;
		};
		BF606E1DDB90902CBB43AAA7 /* [CP] Check Pods Manifest.lock */ = {
			isa = PBXShellScriptBuildPhase;
			buildActionMask = 2147483647;
			files = (
			);
			inputPaths = (
			);
			name = "[CP] Check Pods Manifest.lock";
			outputPaths = (
			);
			runOnlyForDeploymentPostprocessing = 0;
			shellPath = /bin/sh;
			shellScript = "diff \"${PODS_PODFILE_DIR_PATH}/Podfile.lock\" \"${PODS_ROOT}/Manifest.lock\" > /dev/null\nif [ $? != 0 ] ; then\n    # print error to STDERR\n    echo \"error: The sandbox is not in sync with the Podfile.lock. Run 'pod install' or update your CocoaPods installation.\" >&2\n    exit 1\nfi\n";
			showEnvVarsInLog = 0;
		};
/* End PBXShellScriptBuildPhase section */

/* Begin PBXSourcesBuildPhase section */
		4052A1631E85C1A200805E40 /* Sources */ = {
			isa = PBXSourcesBuildPhase;
			buildActionMask = 2147483647;
			files = (
				32CDB26A1E9ED9950099FF5D /* WebView2.swift in Sources */,
				400951B91EB293EB001B856C /* SitePrefManager.swift in Sources */,
				4052A16D1E85C1A200805E40 /* FeedViewController.swift in Sources */,
				325F799B1EAEC14300F523FA /* PreferencesCell.swift in Sources */,
				400191B11E92E588008CC191 /* FeedTableTitleCell.swift in Sources */,
				400951BB1EB2D57C001B856C /* DiscoverViewController.swift in Sources */,
				400191B81E9337E2008CC191 /* CognitoUserManager.swift in Sources */,
				400192461E96C234008CC191 /* ProfileViewController.swift in Sources */,
				325242FC1E93332600C280F3 /* FeedTableContentCell.swift in Sources */,
				400191B61E932662008CC191 /* FacebookCognitoIdentityProvider.swift in Sources */,
				400951B71EAEC7F9001B856C /* SiteManager.swift in Sources */,
				4052A1731E85C1A200805E40 /* DailyHub.xcdatamodeld in Sources */,
				325F79991EA8371800F523FA /* PreferencesViewController.swift in Sources */,
				400191B41E93191D008CC191 /* LoginViewController.swift in Sources */,
				325242FE1E93340700C280F3 /* Database.swift in Sources */,
				4052A16B1E85C1A200805E40 /* AppDelegate.swift in Sources */,
			);
			runOnlyForDeploymentPostprocessing = 0;
		};
/* End PBXSourcesBuildPhase section */

/* Begin XCBuildConfiguration section */
		4052A17A1E85C1A200805E40 /* Debug */ = {
			isa = XCBuildConfiguration;
			buildSettings = {
				ALWAYS_SEARCH_USER_PATHS = NO;
				CLANG_ANALYZER_NONNULL = YES;
				CLANG_CXX_LANGUAGE_STANDARD = "gnu++0x";
				CLANG_CXX_LIBRARY = "libc++";
				CLANG_ENABLE_MODULES = YES;
				CLANG_ENABLE_OBJC_ARC = YES;
				CLANG_WARN_BOOL_CONVERSION = YES;
				CLANG_WARN_CONSTANT_CONVERSION = YES;
				CLANG_WARN_DIRECT_OBJC_ISA_USAGE = YES_ERROR;
				CLANG_WARN_DOCUMENTATION_COMMENTS = YES;
				CLANG_WARN_EMPTY_BODY = YES;
				CLANG_WARN_ENUM_CONVERSION = YES;
				CLANG_WARN_INFINITE_RECURSION = YES;
				CLANG_WARN_INT_CONVERSION = YES;
				CLANG_WARN_OBJC_ROOT_CLASS = YES_ERROR;
				CLANG_WARN_SUSPICIOUS_MOVE = YES;
				CLANG_WARN_UNREACHABLE_CODE = YES;
				CLANG_WARN__DUPLICATE_METHOD_MATCH = YES;
				"CODE_SIGN_IDENTITY[sdk=iphoneos*]" = "iPhone Developer";
				COPY_PHASE_STRIP = NO;
				DEBUG_INFORMATION_FORMAT = dwarf;
				ENABLE_STRICT_OBJC_MSGSEND = YES;
				ENABLE_TESTABILITY = YES;
				GCC_C_LANGUAGE_STANDARD = gnu99;
				GCC_DYNAMIC_NO_PIC = NO;
				GCC_NO_COMMON_BLOCKS = YES;
				GCC_OPTIMIZATION_LEVEL = 0;
				GCC_PREPROCESSOR_DEFINITIONS = (
					"DEBUG=1",
					"$(inherited)",
				);
				GCC_WARN_64_TO_32_BIT_CONVERSION = YES;
				GCC_WARN_ABOUT_RETURN_TYPE = YES_ERROR;
				GCC_WARN_UNDECLARED_SELECTOR = YES;
				GCC_WARN_UNINITIALIZED_AUTOS = YES_AGGRESSIVE;
				GCC_WARN_UNUSED_FUNCTION = YES;
				GCC_WARN_UNUSED_VARIABLE = YES;
				IPHONEOS_DEPLOYMENT_TARGET = 10.2;
				MTL_ENABLE_DEBUG_INFO = YES;
				ONLY_ACTIVE_ARCH = YES;
				SDKROOT = iphoneos;
				SWIFT_ACTIVE_COMPILATION_CONDITIONS = DEBUG;
				SWIFT_OPTIMIZATION_LEVEL = "-Onone";
				TARGETED_DEVICE_FAMILY = "1,2";
			};
			name = Debug;
		};
		4052A17B1E85C1A200805E40 /* Release */ = {
			isa = XCBuildConfiguration;
			buildSettings = {
				ALWAYS_SEARCH_USER_PATHS = NO;
				CLANG_ANALYZER_NONNULL = YES;
				CLANG_CXX_LANGUAGE_STANDARD = "gnu++0x";
				CLANG_CXX_LIBRARY = "libc++";
				CLANG_ENABLE_MODULES = YES;
				CLANG_ENABLE_OBJC_ARC = YES;
				CLANG_WARN_BOOL_CONVERSION = YES;
				CLANG_WARN_CONSTANT_CONVERSION = YES;
				CLANG_WARN_DIRECT_OBJC_ISA_USAGE = YES_ERROR;
				CLANG_WARN_DOCUMENTATION_COMMENTS = YES;
				CLANG_WARN_EMPTY_BODY = YES;
				CLANG_WARN_ENUM_CONVERSION = YES;
				CLANG_WARN_INFINITE_RECURSION = YES;
				CLANG_WARN_INT_CONVERSION = YES;
				CLANG_WARN_OBJC_ROOT_CLASS = YES_ERROR;
				CLANG_WARN_SUSPICIOUS_MOVE = YES;
				CLANG_WARN_UNREACHABLE_CODE = YES;
				CLANG_WARN__DUPLICATE_METHOD_MATCH = YES;
				"CODE_SIGN_IDENTITY[sdk=iphoneos*]" = "iPhone Developer";
				COPY_PHASE_STRIP = NO;
				DEBUG_INFORMATION_FORMAT = "dwarf-with-dsym";
				ENABLE_NS_ASSERTIONS = NO;
				ENABLE_STRICT_OBJC_MSGSEND = YES;
				GCC_C_LANGUAGE_STANDARD = gnu99;
				GCC_NO_COMMON_BLOCKS = YES;
				GCC_WARN_64_TO_32_BIT_CONVERSION = YES;
				GCC_WARN_ABOUT_RETURN_TYPE = YES_ERROR;
				GCC_WARN_UNDECLARED_SELECTOR = YES;
				GCC_WARN_UNINITIALIZED_AUTOS = YES_AGGRESSIVE;
				GCC_WARN_UNUSED_FUNCTION = YES;
				GCC_WARN_UNUSED_VARIABLE = YES;
				IPHONEOS_DEPLOYMENT_TARGET = 10.2;
				MTL_ENABLE_DEBUG_INFO = NO;
				SDKROOT = iphoneos;
				SWIFT_OPTIMIZATION_LEVEL = "-Owholemodule";
				TARGETED_DEVICE_FAMILY = "1,2";
				VALIDATE_PRODUCT = YES;
			};
			name = Release;
		};
		4052A17D1E85C1A200805E40 /* Debug */ = {
			isa = XCBuildConfiguration;
			baseConfigurationReference = F4470FDB20851D526B1AAE3C /* Pods-DailyHub.debug.xcconfig */;
			buildSettings = {
				ASSETCATALOG_COMPILER_APPICON_NAME = AppIcon;
				DEVELOPMENT_TEAM = JXML5VQZ23;
				INFOPLIST_FILE = DailyHub/Info.plist;
				IPHONEOS_DEPLOYMENT_TARGET = 10.2;
				LD_RUNPATH_SEARCH_PATHS = "$(inherited) @executable_path/Frameworks";
				PRODUCT_BUNDLE_IDENTIFIER = com.lukepetruzzi.DailyHub;
				PRODUCT_NAME = "$(TARGET_NAME)";
				SWIFT_VERSION = 3.0;
			};
			name = Debug;
		};
		4052A17E1E85C1A200805E40 /* Release */ = {
			isa = XCBuildConfiguration;
			baseConfigurationReference = 2BE3060466B86C894033614B /* Pods-DailyHub.release.xcconfig */;
			buildSettings = {
				ASSETCATALOG_COMPILER_APPICON_NAME = AppIcon;
				DEVELOPMENT_TEAM = JXML5VQZ23;
				INFOPLIST_FILE = DailyHub/Info.plist;
				IPHONEOS_DEPLOYMENT_TARGET = 10.2;
				LD_RUNPATH_SEARCH_PATHS = "$(inherited) @executable_path/Frameworks";
				PRODUCT_BUNDLE_IDENTIFIER = com.lukepetruzzi.DailyHub;
				PRODUCT_NAME = "$(TARGET_NAME)";
				SWIFT_VERSION = 3.0;
			};
			name = Release;
		};
/* End XCBuildConfiguration section */

/* Begin XCConfigurationList section */
		4052A1621E85C1A200805E40 /* Build configuration list for PBXProject "DailyHub" */ = {
			isa = XCConfigurationList;
			buildConfigurations = (
				4052A17A1E85C1A200805E40 /* Debug */,
				4052A17B1E85C1A200805E40 /* Release */,
			);
			defaultConfigurationIsVisible = 0;
			defaultConfigurationName = Release;
		};
		4052A17C1E85C1A200805E40 /* Build configuration list for PBXNativeTarget "DailyHub" */ = {
			isa = XCConfigurationList;
			buildConfigurations = (
				4052A17D1E85C1A200805E40 /* Debug */,
				4052A17E1E85C1A200805E40 /* Release */,
			);
			defaultConfigurationIsVisible = 0;
			defaultConfigurationName = Release;
		};
/* End XCConfigurationList section */

/* Begin XCVersionGroup section */
		4052A1711E85C1A200805E40 /* DailyHub.xcdatamodeld */ = {
			isa = XCVersionGroup;
			children = (
				4052A1721E85C1A200805E40 /* DailyHub.xcdatamodel */,
			);
			currentVersion = 4052A1721E85C1A200805E40 /* DailyHub.xcdatamodel */;
			path = DailyHub.xcdatamodeld;
			sourceTree = "<group>";
			versionGroupType = wrapper.xcdatamodel;
		};
/* End XCVersionGroup section */
	};
	rootObject = 4052A15F1E85C1A200805E40 /* Project object */;
}
